<?xml version="1.0" encoding="utf-8"?>
<Project ToolsVersion="4.0" xmlns="http://schemas.microsoft.com/developer/msbuild/2003">
  <ItemGroup>
    <Filter Include="ServerWeapons">
      <UniqueIdentifier>{59282493-e47f-47d5-8c0b-d714c04425d8}</UniqueIdentifier>
    </Filter>
    <Filter Include="ServerWeapons\Client">
      <UniqueIdentifier>{9c51a17c-8911-4b61-8e8a-d101540d976d}</UniqueIdentifier>
    </Filter>
    <Filter Include="from Client">
      <UniqueIdentifier>{193b6853-fb40-4a81-88df-07bdb95afb97}</UniqueIdentifier>
    </Filter>
    <Filter Include="from NetPackets">
      <UniqueIdentifier>{861dee37-6760-4417-a8d3-86cd0201d558}</UniqueIdentifier>
    </Filter>
  </ItemGroup>
  <ItemGroup>
    <ClCompile Include="Sources\ServerWeapons\MasterServerWeaponArmory.cpp">
      <Filter>ServerWeapons</Filter>
    </ClCompile>
    <ClCompile Include="..\..\..\src\EclipseStudio\Sources\ObjectsCode\WEAPONS\BaseItemConfig.cpp">
      <Filter>ServerWeapons\Client</Filter>
    </ClCompile>
    <ClCompile Include="..\..\..\src\EclipseStudio\Sources\ObjectsCode\WEAPONS\WeaponConfig.cpp">
      <Filter>ServerWeapons\Client</Filter>
    </ClCompile>
    <ClCompile Include="..\..\..\src\EclipseStudio\Sources\Backend\WOBackendAPI.cpp">
      <Filter>from Client</Filter>
    </ClCompile>
    <ClCompile Include="Sources\MasterAsyncApiMgr.cpp" />
    <ClCompile Include="Sources\MasterGameServer.cpp" />
    <ClCompile Include="Sources\MasterServer.cpp" />
    <ClCompile Include="Sources\MasterServerConfig.cpp" />
    <ClCompile Include="Sources\MasterServerMain.cpp" />
    <ClCompile Include="Sources\MasterUdpMonitor.cpp" />
    <ClCompile Include="Sources\MasterUserServer.cpp" />
    <ClCompile Include="Sources\SrvCrashHandler.cpp" />
    <ClCompile Include="Sources\stdafx.cpp" />
    <ClCompile Include="Sources\VersionNo.cpp" />
  </ItemGroup>
  <ItemGroup>
    <ClInclude Include="Sources\ServerWeapons\MasterServerWeaponArmory.h">
      <Filter>ServerWeapons</Filter>
    </ClInclude>
    <ClInclude Include="..\..\..\src\EclipseStudio\Sources\ObjectsCode\WEAPONS\BaseItemConfig.h">
      <Filter>ServerWeapons\Client</Filter>
    </ClInclude>
    <ClInclude Include="..\..\..\src\EclipseStudio\Sources\ObjectsCode\WEAPONS\WeaponConfig.h">
      <Filter>ServerWeapons\Client</Filter>
    </ClInclude>
    <ClInclude Include="..\..\..\src\EclipseStudio\Sources\Backend\WOBackendAPI.h">
      <Filter>from Client</Filter>
    </ClInclude>
    <ClInclude Include="..\..\..\src\ServerNetPackets\NetPacketsGameBrowser.h">
      <Filter>from NetPackets</Filter>
    </ClInclude>
    <ClInclude Include="..\..\..\src\ServerNetPackets\NetPacketsGameInfo.h">
      <Filter>from NetPackets</Filter>
    </ClInclude>
    <ClInclude Include="..\..\..\src\ServerNetPackets\NetPacketsWeaponInfo.h">
      <Filter>from NetPackets</Filter>
    </ClInclude>
    <ClInclude Include="Sources\GameSlotInfo.h" />
    <ClInclude Include="Sources\MasterAsyncApiMgr.h" />
    <ClInclude Include="Sources\MasterGameServer.h" />
    <ClInclude Include="Sources\MasterServer.h" />
    <ClInclude Include="Sources\MasterServerConfig.h" />
    <ClInclude Include="Sources\MasterUdpMonitor.h" />
    <ClInclude Include="Sources\MasterUserServer.h" />
    <ClInclude Include="Sources\SrvCrashHandler.h" />
    <ClInclude Include="Sources\VersionNo.h" />
  </ItemGroup>
</Project>