<?xml version="1.0" encoding="utf-8"?>
<Project ToolsVersion="4.0" xmlns="http://schemas.microsoft.com/developer/msbuild/2003">
  <ItemGroup>
    <Filter Include="minilzo">
      <UniqueIdentifier>{02510d5c-189b-4de0-b8d6-ef11b6fe817d}</UniqueIdentifier>
    </Filter>
  </ItemGroup>
  <ItemGroup>
    <ClInclude Include="Sources\minilzo\lzoconf.h">
      <Filter>minilzo</Filter>
    </ClInclude>
    <ClInclude Include="Sources\minilzo\lzodefs.h">
      <Filter>minilzo</Filter>
    </ClInclude>
    <ClInclude Include="Sources\minilzo\minilzo.h">
      <Filter>minilzo</Filter>
    </ClInclude>
    <ClInclude Include="Sources\BuilderConfig.h" />
    <ClInclude Include="Sources\main.h" />
    <ClInclude Include="Sources\r3dFSBuilder.h" />
    <ClInclude Include="Sources\r3dMeshConvert.h" />
  </ItemGroup>
  <ItemGroup>
    <ClCompile Include="Sources\minilzo\minilzo.c">
      <Filter>minilzo</Filter>
    </ClCompile>
    <ClCompile Include="Sources\BuilderConfig.cpp" />
    <ClCompile Include="..\EclipseStudio\Sources\GameLevel.cpp" />
    <ClCompile Include="Sources\main.cpp" />
    <ClCompile Include="Sources\r3dFSBuilder.cpp" />
    <ClCompile Include="Sources\r3dMeshConvert.cpp" />
    <ClCompile Include="SOURCES\r3dPCH.cpp" />
  </ItemGroup>
</Project>